
Microsoft Visual Studio Solution File, Format Version 11.00
# Visual Studio 2010
Project("{FAE04EC0-301F-11D3-BF4B-00C04F79EFBC}") = "In_Lec", "In_Lec\In_Lec.csproj", "{99DA24EB-43DD-44B9-BECA-C08C43C331A0}"
EndProject
Global
	GlobalSection(SolutionConfigurationPlatforms) = preSolution
		Debug|x86 = Debug|x86
		Release|x86 = Release|x86
	EndGlobalSection
	GlobalSection(ProjectConfigurationPlatforms) = postSolution
		{99DA24EB-43DD-44B9-BECA-C08C43C331A0}.Debug|x86.ActiveCfg = Debug|x86
		{99DA24EB-43DD-44B9-BECA-C08C43C331A0}.Debug|x86.Build.0 = Debug|x86
		{99DA24EB-43DD-44B9-BECA-C08C43C331A0}.Release|x86.ActiveCfg = Release|x86
		{99DA24EB-43DD-44B9-BECA-C08C43C331A0}.Release|x86.Build.0 = Release|x86
	EndGlobalSection
	GlobalSection(SolutionProperties) = preSolution
		HideSolutionNode = FALSE
	EndGlobalSection
EndGlobal
